
Microsoft Visual Studio Solution File, Format Version 12.00
# Visual Studio Version 16
VisualStudioVersion = 16.0.33328.57
MinimumVisualStudioVersion = 10.0.40219.1
Project("{FAE04EC0-301F-11D3-BF4B-00C04F79EFBC}") = "Students Info", "Students Info\Students Info.csproj", "{0CBBCE4A-071B-44DF-B1F8-41208C07DE7B}"
EndProject
Global
	GlobalSection(SolutionConfigurationPlatforms) = preSolution
		Debug|Any CPU = Debug|Any CPU
		Release|Any CPU = Release|Any CPU
	EndGlobalSection
	GlobalSection(ProjectConfigurationPlatforms) = postSolution
		{0CBBCE4A-071B-44DF-B1F8-41208C07DE7B}.Debug|Any CPU.ActiveCfg = Debug|Any CPU
		{0CBBCE4A-071B-44DF-B1F8-41208C07DE7B}.Debug|Any CPU.Build.0 = Debug|Any CPU
		{0CBBCE4A-071B-44DF-B1F8-41208C07DE7B}.Release|Any CPU.ActiveCfg = Release|Any CPU
		{0CBBCE4A-071B-44DF-B1F8-41208C07DE7B}.Release|Any CPU.Build.0 = Release|Any CPU
	EndGlobalSection
	GlobalSection(SolutionProperties) = preSolution
		HideSolutionNode = FALSE
	EndGlobalSection
	GlobalSection(ExtensibilityGlobals) = postSolution
		SolutionGuid = {D097D813-3B44-457E-B45D-B8F5E52A6E8B}
	EndGlobalSection
EndGlobal
